
Microsoft Visual Studio Solution File, Format Version 12.00
# Visual Studio Version 17
VisualStudioVersion = 17.2.32516.85
MinimumVisualStudioVersion = 10.0.40219.1
Project("{FAE04EC0-301F-11D3-BF4B-00C04F79EFBC}") = "AutoRepairShop", "AutoRepairShop\AutoRepairShop.csproj", "{5782C309-31B8-451D-A350-C1BDC52D4928}"
EndProject
Global
	GlobalSection(SolutionConfigurationPlatforms) = preSolution
		Debug|Any CPU = Debug|Any CPU
		Release|Any CPU = Release|Any CPU
	EndGlobalSection
	GlobalSection(ProjectConfigurationPlatforms) = postSolution
		{5782C309-31B8-451D-A350-C1BDC52D4928}.Debug|Any CPU.ActiveCfg = Debug|Any CPU
		{5782C309-31B8-451D-A350-C1BDC52D4928}.Debug|Any CPU.Build.0 = Debug|Any CPU
		{5782C309-31B8-451D-A350-C1BDC52D4928}.Release|Any CPU.ActiveCfg = Release|Any CPU
		{5782C309-31B8-451D-A350-C1BDC52D4928}.Release|Any CPU.Build.0 = Release|Any CPU
	EndGlobalSection
	GlobalSection(SolutionProperties) = preSolution
		HideSolutionNode = FALSE
	EndGlobalSection
	GlobalSection(ExtensibilityGlobals) = postSolution
		SolutionGuid = {57E04791-0E86-402A-8FD4-CDA763C99B6F}
	EndGlobalSection
EndGlobal
